github.com/orcaman/concurrent-map/v2 v2.0.1 h1:jOJ5Pg2w1oeB6PeDurIYf6k9PQ+aTITr/6lP/L/zp6c=
github.com/orcaman/concurrent-map/v2 v2.0.1/go.mod h1:9Eq3TG2oBe5FirmYWQfYO5iH1q0Jv47PLaNK++uCdOM=
golang.org/x/exp v0.0.0-20250210185358-939b2ce775ac h1:l5+whBCLH3iH2ZNHYLbAe58bo7yrN4mVcnkHDYz5vvs=
golang.org/x/exp v0.0.0-20250210185358-939b2ce775ac/go.mod h1:hH+7mtFmImwwcMvScyxUhjuVHR3HGaDPMn9rMSUUbxo=
